
Microsoft Visual Studio Solution File, Format Version 12.00
# Visual Studio Version 17
VisualStudioVersion = 17.0.31919.166
MinimumVisualStudioVersion = 10.0.40219.1
Project("{FAE04EC0-301F-11D3-BF4B-00C04F79EFBC}") = "WebApp", "WebApp\WebApp.csproj", "{C30071E2-91DB-4B3E-A3AD-D7A53B9EB81A}"
EndProject
Global
	GlobalSection(SolutionConfigurationPlatforms) = preSolution
		Debug|Any CPU = Debug|Any CPU
		Release|Any CPU = Release|Any CPU
	EndGlobalSection
	GlobalSection(ProjectConfigurationPlatforms) = postSolution
		{C30071E2-91DB-4B3E-A3AD-D7A53B9EB81A}.Debug|Any CPU.ActiveCfg = Debug|Any CPU
		{C30071E2-91DB-4B3E-A3AD-D7A53B9EB81A}.Debug|Any CPU.Build.0 = Debug|Any CPU
		{C30071E2-91DB-4B3E-A3AD-D7A53B9EB81A}.Release|Any CPU.ActiveCfg = Release|Any CPU
		{C30071E2-91DB-4B3E-A3AD-D7A53B9EB81A}.Release|Any CPU.Build.0 = Release|Any CPU
	EndGlobalSection
	GlobalSection(SolutionProperties) = preSolution
		HideSolutionNode = FALSE
	EndGlobalSection
	GlobalSection(ExtensibilityGlobals) = postSolution
		SolutionGuid = {5E3D21D2-81D0-4506-B10A-37D2898C9A92}
	EndGlobalSection
EndGlobal
